
Microsoft Visual Studio Solution File, Format Version 12.00
# Visual Studio Version 17
VisualStudioVersion = 17.5.33530.505
MinimumVisualStudioVersion = 10.0.40219.1
Project("{FAE04EC0-301F-11D3-BF4B-00C04F79EFBC}") = "TestApplicationConsole", "TestApplicationConsole.csproj", "{4D63A2EE-F5F2-4FF8-878E-85F46D25E7E1}"
EndProject
Global
	GlobalSection(SolutionConfigurationPlatforms) = preSolution
		Debug|Any CPU = Debug|Any CPU
		Release|Any CPU = Release|Any CPU
	EndGlobalSection
	GlobalSection(ProjectConfigurationPlatforms) = postSolution
		{4D63A2EE-F5F2-4FF8-878E-85F46D25E7E1}.Debug|Any CPU.ActiveCfg = Debug|Any CPU
		{4D63A2EE-F5F2-4FF8-878E-85F46D25E7E1}.Debug|Any CPU.Build.0 = Debug|Any CPU
		{4D63A2EE-F5F2-4FF8-878E-85F46D25E7E1}.Release|Any CPU.ActiveCfg = Release|Any CPU
		{4D63A2EE-F5F2-4FF8-878E-85F46D25E7E1}.Release|Any CPU.Build.0 = Release|Any CPU
	EndGlobalSection
	GlobalSection(SolutionProperties) = preSolution
		HideSolutionNode = FALSE
	EndGlobalSection
	GlobalSection(ExtensibilityGlobals) = postSolution
		SolutionGuid = {3A9AD1C0-1F71-4349-B4BD-5603D4DE1A6A}
	EndGlobalSection
EndGlobal
